
Microsoft Visual Studio Solution File, Format Version 12.00
# Visual Studio 15
VisualStudioVersion = 15.0.27004.2002
MinimumVisualStudioVersion = 10.0.40219.1
Project("{FAE04EC0-301F-11D3-BF4B-00C04F79EFBC}") = "Tunnikontroll_2", "Tunnikontroll_2\Tunnikontroll_2.csproj", "{A2DD82F2-CF41-420B-BBD2-3EDF13C4E57A}"
EndProject
Global
	GlobalSection(SolutionConfigurationPlatforms) = preSolution
		Debug|Any CPU = Debug|Any CPU
		Release|Any CPU = Release|Any CPU
	EndGlobalSection
	GlobalSection(ProjectConfigurationPlatforms) = postSolution
		{A2DD82F2-CF41-420B-BBD2-3EDF13C4E57A}.Debug|Any CPU.ActiveCfg = Debug|Any CPU
		{A2DD82F2-CF41-420B-BBD2-3EDF13C4E57A}.Debug|Any CPU.Build.0 = Debug|Any CPU
		{A2DD82F2-CF41-420B-BBD2-3EDF13C4E57A}.Release|Any CPU.ActiveCfg = Release|Any CPU
		{A2DD82F2-CF41-420B-BBD2-3EDF13C4E57A}.Release|Any CPU.Build.0 = Release|Any CPU
	EndGlobalSection
	GlobalSection(SolutionProperties) = preSolution
		HideSolutionNode = FALSE
	EndGlobalSection
	GlobalSection(ExtensibilityGlobals) = postSolution
		SolutionGuid = {E3CB1A64-0815-4425-8176-BE0416595251}
	EndGlobalSection
EndGlobal
